
Microsoft Visual Studio Solution File, Format Version 12.00
Project("{FAE04EC0-301F-11D3-BF4B-00C04F79EFBC}") = "ShapeAreaCalculator", "ShapeAreaCalculator\ShapeAreaCalculator.csproj", "{E08417EB-0F59-415A-9AA1-74FCF1B1CDED}"
EndProject
Global
	GlobalSection(SolutionConfigurationPlatforms) = preSolution
		Debug|Any CPU = Debug|Any CPU
		Release|Any CPU = Release|Any CPU
	EndGlobalSection
	GlobalSection(ProjectConfigurationPlatforms) = postSolution
		{E08417EB-0F59-415A-9AA1-74FCF1B1CDED}.Debug|Any CPU.ActiveCfg = Debug|Any CPU
		{E08417EB-0F59-415A-9AA1-74FCF1B1CDED}.Debug|Any CPU.Build.0 = Debug|Any CPU
		{E08417EB-0F59-415A-9AA1-74FCF1B1CDED}.Release|Any CPU.ActiveCfg = Release|Any CPU
		{E08417EB-0F59-415A-9AA1-74FCF1B1CDED}.Release|Any CPU.Build.0 = Release|Any CPU
	EndGlobalSection
EndGlobal
