
Microsoft Visual Studio Solution File, Format Version 12.00
Project("{FAE04EC0-301F-11D3-BF4B-00C04F79EFBC}") = "TurnBased2", "TurnBased2\TurnBased2.csproj", "{725F0720-E3E1-40CE-AF02-83CD2C1FE860}"
EndProject
Global
	GlobalSection(SolutionConfigurationPlatforms) = preSolution
		Debug|Any CPU = Debug|Any CPU
		Release|Any CPU = Release|Any CPU
	EndGlobalSection
	GlobalSection(ProjectConfigurationPlatforms) = postSolution
		{725F0720-E3E1-40CE-AF02-83CD2C1FE860}.Debug|Any CPU.ActiveCfg = Debug|Any CPU
		{725F0720-E3E1-40CE-AF02-83CD2C1FE860}.Debug|Any CPU.Build.0 = Debug|Any CPU
		{725F0720-E3E1-40CE-AF02-83CD2C1FE860}.Release|Any CPU.ActiveCfg = Release|Any CPU
		{725F0720-E3E1-40CE-AF02-83CD2C1FE860}.Release|Any CPU.Build.0 = Release|Any CPU
	EndGlobalSection
EndGlobal
